
Microsoft Visual Studio Solution File, Format Version 12.00
# Visual Studio Version 16
VisualStudioVersion = 16.0.31624.102
MinimumVisualStudioVersion = 10.0.40219.1
Project("{9A19103F-16F7-4668-BE54-9A1E7A4F7556}") = "2_BUS_Layer", "2_BUS_Layer\2_BUS_Layer.csproj", "{23E327D4-9452-4F7E-B7FE-6C85C47A1F9E}"
EndProject
Project("{9A19103F-16F7-4668-BE54-9A1E7A4F7556}") = "1_DAL_Layer", "1_DAL_Layer\1_DAL_Layer.csproj", "{A866ADCD-E17F-48F8-B0D1-ADE655813DA3}"
EndProject
Project("{9A19103F-16F7-4668-BE54-9A1E7A4F7556}") = "3_GUI_Layer", "3_GUI_Layer\3_GUI_Layer.csproj", "{83245F58-8AFA-4D96-A21C-32EF19DEB0D6}"
EndProject
Global
	GlobalSection(SolutionConfigurationPlatforms) = preSolution
		Debug|Any CPU = Debug|Any CPU
		Release|Any CPU = Release|Any CPU
	EndGlobalSection
	GlobalSection(ProjectConfigurationPlatforms) = postSolution
		{23E327D4-9452-4F7E-B7FE-6C85C47A1F9E}.Debug|Any CPU.ActiveCfg = Debug|Any CPU
		{23E327D4-9452-4F7E-B7FE-6C85C47A1F9E}.Debug|Any CPU.Build.0 = Debug|Any CPU
		{23E327D4-9452-4F7E-B7FE-6C85C47A1F9E}.Release|Any CPU.ActiveCfg = Release|Any CPU
		{23E327D4-9452-4F7E-B7FE-6C85C47A1F9E}.Release|Any CPU.Build.0 = Release|Any CPU
		{A866ADCD-E17F-48F8-B0D1-ADE655813DA3}.Debug|Any CPU.ActiveCfg = Debug|Any CPU
		{A866ADCD-E17F-48F8-B0D1-ADE655813DA3}.Debug|Any CPU.Build.0 = Debug|Any CPU
		{A866ADCD-E17F-48F8-B0D1-ADE655813DA3}.Release|Any CPU.ActiveCfg = Release|Any CPU
		{A866ADCD-E17F-48F8-B0D1-ADE655813DA3}.Release|Any CPU.Build.0 = Release|Any CPU
		{83245F58-8AFA-4D96-A21C-32EF19DEB0D6}.Debug|Any CPU.ActiveCfg = Debug|Any CPU
		{83245F58-8AFA-4D96-A21C-32EF19DEB0D6}.Debug|Any CPU.Build.0 = Debug|Any CPU
		{83245F58-8AFA-4D96-A21C-32EF19DEB0D6}.Release|Any CPU.ActiveCfg = Release|Any CPU
		{83245F58-8AFA-4D96-A21C-32EF19DEB0D6}.Release|Any CPU.Build.0 = Release|Any CPU
	EndGlobalSection
	GlobalSection(SolutionProperties) = preSolution
		HideSolutionNode = FALSE
	EndGlobalSection
	GlobalSection(ExtensibilityGlobals) = postSolution
		SolutionGuid = {C42F8C60-94D6-4D44-87F3-83B198FFB85E}
	EndGlobalSection
EndGlobal
